{
  "object": {
    "pins": [
      {
        "package": "swift-collections",
        "repositoryURL": "https://github.com/apple/swift-collections",
        "state": {
          "branch": null,
          "revision": "07e47b1e93e5a1e0ef0c50fcb2d6739fb6be4003",
          "version": "1.0.0"
        }
      },
      {
        "package": "swift-numerics",
        "repositoryURL": "https://github.com/apple/swift-numerics",
        "state": {
          "branch": null,
          "revision": "1e5cbc4e2142677d6695036a748344c8edb83e5c",
          "version": "1.0.0"
        }
      }
    ]
  },
  "version": 1
}
