{
  "object": {
    "pins": [
      {
        "package": "swift-numerics",
        "repositoryURL": "https://github.com/apple/swift-numerics",
        "state": {
          "branch": null,
          "revision": "3811e3bc7a62f4ff9127e4f5b1656c3b39ae86d9",
          "version": "0.0.7"
        }
      }
    ]
  },
  "version": 1
}
